
Microsoft Visual Studio Solution File, Format Version 12.00
# Visual Studio 15
VisualStudioVersion = 15.0.28307.329
MinimumVisualStudioVersion = 10.0.40219.1
Project("{FAE04EC0-301F-11D3-BF4B-00C04F79EFBC}") = "Example3", "Example3\Example3.csproj", "{AA32B466-D130-4025-9A98-8B0411DDF518}"
EndProject
Global
	GlobalSection(SolutionConfigurationPlatforms) = preSolution
		Debug|Any CPU = Debug|Any CPU
		Release|Any CPU = Release|Any CPU
	EndGlobalSection
	GlobalSection(ProjectConfigurationPlatforms) = postSolution
		{AA32B466-D130-4025-9A98-8B0411DDF518}.Debug|Any CPU.ActiveCfg = Debug|Any CPU
		{AA32B466-D130-4025-9A98-8B0411DDF518}.Debug|Any CPU.Build.0 = Debug|Any CPU
		{AA32B466-D130-4025-9A98-8B0411DDF518}.Release|Any CPU.ActiveCfg = Release|Any CPU
		{AA32B466-D130-4025-9A98-8B0411DDF518}.Release|Any CPU.Build.0 = Release|Any CPU
	EndGlobalSection
	GlobalSection(SolutionProperties) = preSolution
		HideSolutionNode = FALSE
	EndGlobalSection
	GlobalSection(ExtensibilityGlobals) = postSolution
		SolutionGuid = {A5364BEA-96BF-48FA-89CF-EF24D716E231}
	EndGlobalSection
EndGlobal
