
Microsoft Visual Studio Solution File, Format Version 12.00
# Visual Studio 15
VisualStudioVersion = 15.0.28307.329
MinimumVisualStudioVersion = 10.0.40219.1
Project("{FAE04EC0-301F-11D3-BF4B-00C04F79EFBC}") = "Example2", "Example2\Example2.csproj", "{0C470DE5-75F2-47CD-AD15-04C98CADB83F}"
EndProject
Global
	GlobalSection(SolutionConfigurationPlatforms) = preSolution
		Debug|Any CPU = Debug|Any CPU
		Release|Any CPU = Release|Any CPU
	EndGlobalSection
	GlobalSection(ProjectConfigurationPlatforms) = postSolution
		{0C470DE5-75F2-47CD-AD15-04C98CADB83F}.Debug|Any CPU.ActiveCfg = Debug|Any CPU
		{0C470DE5-75F2-47CD-AD15-04C98CADB83F}.Debug|Any CPU.Build.0 = Debug|Any CPU
		{0C470DE5-75F2-47CD-AD15-04C98CADB83F}.Release|Any CPU.ActiveCfg = Release|Any CPU
		{0C470DE5-75F2-47CD-AD15-04C98CADB83F}.Release|Any CPU.Build.0 = Release|Any CPU
	EndGlobalSection
	GlobalSection(SolutionProperties) = preSolution
		HideSolutionNode = FALSE
	EndGlobalSection
	GlobalSection(ExtensibilityGlobals) = postSolution
		SolutionGuid = {369987C0-9559-4159-A147-98EFBF34B759}
	EndGlobalSection
EndGlobal
