
Microsoft Visual Studio Solution File, Format Version 12.00
# Visual Studio 15
VisualStudioVersion = 15.0.28307.421
MinimumVisualStudioVersion = 10.0.40219.1
Project("{FAE04EC0-301F-11D3-BF4B-00C04F79EFBC}") = "Task3", "Task3\Task3.csproj", "{F6799C64-D769-42AD-BC52-B4FCB3277508}"
EndProject
Global
	GlobalSection(SolutionConfigurationPlatforms) = preSolution
		Debug|Any CPU = Debug|Any CPU
		Release|Any CPU = Release|Any CPU
	EndGlobalSection
	GlobalSection(ProjectConfigurationPlatforms) = postSolution
		{F6799C64-D769-42AD-BC52-B4FCB3277508}.Debug|Any CPU.ActiveCfg = Debug|Any CPU
		{F6799C64-D769-42AD-BC52-B4FCB3277508}.Debug|Any CPU.Build.0 = Debug|Any CPU
		{F6799C64-D769-42AD-BC52-B4FCB3277508}.Release|Any CPU.ActiveCfg = Release|Any CPU
		{F6799C64-D769-42AD-BC52-B4FCB3277508}.Release|Any CPU.Build.0 = Release|Any CPU
	EndGlobalSection
	GlobalSection(SolutionProperties) = preSolution
		HideSolutionNode = FALSE
	EndGlobalSection
	GlobalSection(ExtensibilityGlobals) = postSolution
		SolutionGuid = {9174A79F-C93D-4364-A732-F4B7816FF93E}
	EndGlobalSection
EndGlobal
